
Microsoft Visual Studio Solution File, Format Version 12.00
# Visual Studio Version 17
VisualStudioVersion = 17.2.32630.192
MinimumVisualStudioVersion = 10.0.40219.1
Project("{FAE04EC0-301F-11D3-BF4B-00C04F79EFBC}") = "ServiceDiscovery", "ServiceDiscovery.csproj", "{6E11B3D5-3658-4646-9342-6F56DC35C9BA}"
EndProject
Global
	GlobalSection(SolutionConfigurationPlatforms) = preSolution
		Debug|Any CPU = Debug|Any CPU
		Release|Any CPU = Release|Any CPU
	EndGlobalSection
	GlobalSection(ProjectConfigurationPlatforms) = postSolution
		{6E11B3D5-3658-4646-9342-6F56DC35C9BA}.Debug|Any CPU.ActiveCfg = Debug|Any CPU
		{6E11B3D5-3658-4646-9342-6F56DC35C9BA}.Debug|Any CPU.Build.0 = Debug|Any CPU
		{6E11B3D5-3658-4646-9342-6F56DC35C9BA}.Release|Any CPU.ActiveCfg = Release|Any CPU
		{6E11B3D5-3658-4646-9342-6F56DC35C9BA}.Release|Any CPU.Build.0 = Release|Any CPU
	EndGlobalSection
	GlobalSection(SolutionProperties) = preSolution
		HideSolutionNode = FALSE
	EndGlobalSection
	GlobalSection(ExtensibilityGlobals) = postSolution
		SolutionGuid = {55D3B070-6A41-4022-AFA2-2C9CDC8DAABA}
	EndGlobalSection
EndGlobal
